
Microsoft Visual Studio Solution File, Format Version 12.00
# Visual Studio 15
VisualStudioVersion = 15.0.26430.15
MinimumVisualStudioVersion = 10.0.40219.1
Project("{FAE04EC0-301F-11D3-BF4B-00C04F79EFBC}") = "Model", "Model\Model.csproj", "{62595D3E-C502-47CC-8595-6FBEC3029400}"
EndProject
Project("{FAE04EC0-301F-11D3-BF4B-00C04F79EFBC}") = "DataAsistent", "DataAsistent\DataAsistent.csproj", "{A154B478-50AB-49FA-BB89-2BCC5B302506}"
EndProject
Project("{FAE04EC0-301F-11D3-BF4B-00C04F79EFBC}") = "MyWebApi", "MyWebApi\MyWebApi.csproj", "{9B797531-B45F-487B-806D-9050594F9430}"
EndProject
Project("{FAE04EC0-301F-11D3-BF4B-00C04F79EFBC}") = "Common", "Common\Common.csproj", "{B7125061-68DA-429D-A28A-7CC52AFEAD16}"
EndProject
Project("{FAE04EC0-301F-11D3-BF4B-00C04F79EFBC}") = "ClientWeb", "ClientWeb\ClientWeb.csproj", "{B6B08751-CEC2-498C-A708-325B1C385356}"
EndProject
Global
	GlobalSection(SolutionConfigurationPlatforms) = preSolution
		Debug|Any CPU = Debug|Any CPU
		Release|Any CPU = Release|Any CPU
	EndGlobalSection
	GlobalSection(ProjectConfigurationPlatforms) = postSolution
		{62595D3E-C502-47CC-8595-6FBEC3029400}.Debug|Any CPU.ActiveCfg = Debug|Any CPU
		{62595D3E-C502-47CC-8595-6FBEC3029400}.Debug|Any CPU.Build.0 = Debug|Any CPU
		{62595D3E-C502-47CC-8595-6FBEC3029400}.Release|Any CPU.ActiveCfg = Release|Any CPU
		{62595D3E-C502-47CC-8595-6FBEC3029400}.Release|Any CPU.Build.0 = Release|Any CPU
		{A154B478-50AB-49FA-BB89-2BCC5B302506}.Debug|Any CPU.ActiveCfg = Debug|Any CPU
		{A154B478-50AB-49FA-BB89-2BCC5B302506}.Debug|Any CPU.Build.0 = Debug|Any CPU
		{A154B478-50AB-49FA-BB89-2BCC5B302506}.Release|Any CPU.ActiveCfg = Release|Any CPU
		{A154B478-50AB-49FA-BB89-2BCC5B302506}.Release|Any CPU.Build.0 = Release|Any CPU
		{9B797531-B45F-487B-806D-9050594F9430}.Debug|Any CPU.ActiveCfg = Debug|Any CPU
		{9B797531-B45F-487B-806D-9050594F9430}.Debug|Any CPU.Build.0 = Debug|Any CPU
		{9B797531-B45F-487B-806D-9050594F9430}.Release|Any CPU.ActiveCfg = Release|Any CPU
		{9B797531-B45F-487B-806D-9050594F9430}.Release|Any CPU.Build.0 = Release|Any CPU
		{B7125061-68DA-429D-A28A-7CC52AFEAD16}.Debug|Any CPU.ActiveCfg = Debug|Any CPU
		{B7125061-68DA-429D-A28A-7CC52AFEAD16}.Debug|Any CPU.Build.0 = Debug|Any CPU
		{B7125061-68DA-429D-A28A-7CC52AFEAD16}.Release|Any CPU.ActiveCfg = Release|Any CPU
		{B7125061-68DA-429D-A28A-7CC52AFEAD16}.Release|Any CPU.Build.0 = Release|Any CPU
		{B6B08751-CEC2-498C-A708-325B1C385356}.Debug|Any CPU.ActiveCfg = Debug|Any CPU
		{B6B08751-CEC2-498C-A708-325B1C385356}.Debug|Any CPU.Build.0 = Debug|Any CPU
		{B6B08751-CEC2-498C-A708-325B1C385356}.Release|Any CPU.ActiveCfg = Release|Any CPU
		{B6B08751-CEC2-498C-A708-325B1C385356}.Release|Any CPU.Build.0 = Release|Any CPU
	EndGlobalSection
	GlobalSection(SolutionProperties) = preSolution
		HideSolutionNode = FALSE
	EndGlobalSection
EndGlobal
